
Microsoft Visual Studio Solution File, Format Version 12.00
# Visual Studio 15
Project("{FAE04EC0-301F-11D3-BF4B-00C04F79EFBC}") = "UnityEngine.UI", "UnityEngine.UI.csproj", "{48FD9C27-4C7C-4F69-5AE7-6C76ADFB036F}"
EndProject
Project("{FAE04EC0-301F-11D3-BF4B-00C04F79EFBC}") = "UnityEngine.TestRunner", "UnityEngine.TestRunner.csproj", "{3D0F2EFC-B705-9578-B088-B158B6A3F810}"
EndProject
Project("{FAE04EC0-301F-11D3-BF4B-00C04F79EFBC}") = "Unity.Mathematics", "Unity.Mathematics.csproj", "{49D92AA2-CE4B-6F7C-44EC-C3398F58E95C}"
EndProject
Project("{FAE04EC0-301F-11D3-BF4B-00C04F79EFBC}") = "Unity.2D.Animation.Triangle.Runtime", "Unity.2D.Animation.Triangle.Runtime.csproj", "{D78E16C8-9571-697F-83FC-BCB21DF31411}"
EndProject
Project("{FAE04EC0-301F-11D3-BF4B-00C04F79EFBC}") = "Unity.Timeline", "Unity.Timeline.csproj", "{118EBA90-9521-CEF9-59CC-D8BF9A0015AF}"
EndProject
Project("{FAE04EC0-301F-11D3-BF4B-00C04F79EFBC}") = "Unity.TextMeshPro", "Unity.TextMeshPro.csproj", "{8CED6089-63E3-F8AC-A06C-CA4523CECF51}"
EndProject
Project("{FAE04EC0-301F-11D3-BF4B-00C04F79EFBC}") = "Unity.2D.Animation.Runtime", "Unity.2D.Animation.Runtime.csproj", "{284C08AD-5BE1-DA16-99D0-174CD72D5A8E}"
EndProject
Project("{FAE04EC0-301F-11D3-BF4B-00C04F79EFBC}") = "Assembly-CSharp", "Assembly-CSharp.csproj", "{0F8F22BF-4D8B-F1D6-2D69-17F70267287A}"
EndProject
Project("{FAE04EC0-301F-11D3-BF4B-00C04F79EFBC}") = "Unity.2D.IK.Runtime", "Unity.2D.IK.Runtime.csproj", "{5AA8E657-2AA3-1916-090F-EE4C5789F2FE}"
EndProject
Project("{FAE04EC0-301F-11D3-BF4B-00C04F79EFBC}") = "Unity.2D.SpriteShape.Runtime", "Unity.2D.SpriteShape.Runtime.csproj", "{C711830D-D3CD-3FB8-2012-FBAEBB5DD74E}"
EndProject
Project("{FAE04EC0-301F-11D3-BF4B-00C04F79EFBC}") = "Unity.2D.PixelPerfect", "Unity.2D.PixelPerfect.csproj", "{F6B993E2-9C46-91B1-66D0-25879ECBD824}"
EndProject
Project("{FAE04EC0-301F-11D3-BF4B-00C04F79EFBC}") = "Unity.2D.Common.Runtime", "Unity.2D.Common.Runtime.csproj", "{B044C5B0-9002-0CE1-4749-482B766ECCC6}"
EndProject
Project("{FAE04EC0-301F-11D3-BF4B-00C04F79EFBC}") = "Unity.InternalAPIEngineBridge.001", "Unity.InternalAPIEngineBridge.001.csproj", "{D024BE8E-56C2-A1D7-F473-6B7A5E4AE770}"
EndProject
Project("{FAE04EC0-301F-11D3-BF4B-00C04F79EFBC}") = "UnityEditor.TestRunner", "UnityEditor.TestRunner.csproj", "{5AE26F7F-4278-3FEB-692A-35DBF239E952}"
EndProject
Project("{FAE04EC0-301F-11D3-BF4B-00C04F79EFBC}") = "Unity.PlasticSCM.Editor", "Unity.PlasticSCM.Editor.csproj", "{8F96D1D9-3120-3A93-415A-DAE6BDBFFFD7}"
EndProject
Project("{FAE04EC0-301F-11D3-BF4B-00C04F79EFBC}") = "UnityEditor.UI", "UnityEditor.UI.csproj", "{20AEE606-B2C3-07EC-5821-26D3E6DDE6BE}"
EndProject
Project("{FAE04EC0-301F-11D3-BF4B-00C04F79EFBC}") = "Unity.Timeline.Editor", "Unity.Timeline.Editor.csproj", "{0988A710-188B-EB6E-A139-BE25DCA1DFFF}"
EndProject
Project("{FAE04EC0-301F-11D3-BF4B-00C04F79EFBC}") = "Unity.VisualStudio.Editor", "Unity.VisualStudio.Editor.csproj", "{E1F21999-7676-DE9F-5670-1F5886C82D4E}"
EndProject
Project("{FAE04EC0-301F-11D3-BF4B-00C04F79EFBC}") = "Unity.2D.Psdimporter.Editor", "Unity.2D.Psdimporter.Editor.csproj", "{8E58D7C0-3714-3388-8EC7-8E2CC69D09EB}"
EndProject
Project("{FAE04EC0-301F-11D3-BF4B-00C04F79EFBC}") = "Unity.2D.Animation.Editor", "Unity.2D.Animation.Editor.csproj", "{19A96CFD-3ED8-6AE5-44BB-476FD1D3604A}"
EndProject
Project("{FAE04EC0-301F-11D3-BF4B-00C04F79EFBC}") = "Unity.TextMeshPro.Editor", "Unity.TextMeshPro.Editor.csproj", "{380658C8-E244-4DA2-7992-753E428CAB7D}"
EndProject
Project("{FAE04EC0-301F-11D3-BF4B-00C04F79EFBC}") = "Unity.2D.SpriteShape.Editor", "Unity.2D.SpriteShape.Editor.csproj", "{E5A14E6F-986A-5B1F-83C5-3E0576183A6F}"
EndProject
Project("{FAE04EC0-301F-11D3-BF4B-00C04F79EFBC}") = "Unity.CollabProxy.Editor", "Unity.CollabProxy.Editor.csproj", "{D21167D1-EF85-EA11-A958-FD281247146D}"
EndProject
Project("{FAE04EC0-301F-11D3-BF4B-00C04F79EFBC}") = "PsdPlugin", "PsdPlugin.csproj", "{11082736-C0A9-C5BF-11C7-8CE7C4F794C0}"
EndProject
Project("{FAE04EC0-301F-11D3-BF4B-00C04F79EFBC}") = "Unity.2D.Path.Editor", "Unity.2D.Path.Editor.csproj", "{83D0338C-8E0C-E4B3-F8B6-2D3A1405ABEE}"
EndProject
Project("{FAE04EC0-301F-11D3-BF4B-00C04F79EFBC}") = "Unity.Rider.Editor", "Unity.Rider.Editor.csproj", "{AFE68252-AD92-2C14-8126-4C1EBCFC95EE}"
EndProject
Project("{FAE04EC0-301F-11D3-BF4B-00C04F79EFBC}") = "Unity.2D.IK.Editor", "Unity.2D.IK.Editor.csproj", "{B2CAEB51-69EB-AF0B-734E-5E5E452F3111}"
EndProject
Project("{FAE04EC0-301F-11D3-BF4B-00C04F79EFBC}") = "Unity.2D.Sprite.Editor", "Unity.2D.Sprite.Editor.csproj", "{346DD040-9E36-3EDE-DEDD-CCCF8E2F4CAF}"
EndProject
Project("{FAE04EC0-301F-11D3-BF4B-00C04F79EFBC}") = "Unity.2D.Tilemap.Editor", "Unity.2D.Tilemap.Editor.csproj", "{7F331711-17FD-B859-ABE7-4F895A374243}"
EndProject
Project("{FAE04EC0-301F-11D3-BF4B-00C04F79EFBC}") = "Unity.2D.PixelPerfect.Editor", "Unity.2D.PixelPerfect.Editor.csproj", "{0EECC738-CBD3-F6EC-67E3-8E5E5E76FD63}"
EndProject
Project("{FAE04EC0-301F-11D3-BF4B-00C04F79EFBC}") = "Unity.VSCode.Editor", "Unity.VSCode.Editor.csproj", "{BCDE2C78-8EAD-40D5-9238-467058887171}"
EndProject
Project("{FAE04EC0-301F-11D3-BF4B-00C04F79EFBC}") = "Unity.2D.Common.Editor", "Unity.2D.Common.Editor.csproj", "{385EFE43-87D0-3488-F969-11D6CB34CD61}"
EndProject
Project("{FAE04EC0-301F-11D3-BF4B-00C04F79EFBC}") = "Unity.Mathematics.Editor", "Unity.Mathematics.Editor.csproj", "{621B2CA1-CFAB-5424-C548-4186793E39BC}"
EndProject
Project("{FAE04EC0-301F-11D3-BF4B-00C04F79EFBC}") = "Unity.InternalAPIEditorBridge.001", "Unity.InternalAPIEditorBridge.001.csproj", "{1C884308-73B1-1B67-E5DC-19BC1B1FB6AB}"
EndProject
Project("{FAE04EC0-301F-11D3-BF4B-00C04F79EFBC}") = "UnityEngine.UI", "UnityEngine.UI.Player.csproj", "{F1DB1E3A-96E3-BC65-FB74-353412CA3462}"
EndProject
Project("{FAE04EC0-301F-11D3-BF4B-00C04F79EFBC}") = "UnityEngine.TestRunner", "UnityEngine.TestRunner.Player.csproj", "{0833ADE2-3B42-A84D-6335-BDB7506D4ED3}"
EndProject
Project("{FAE04EC0-301F-11D3-BF4B-00C04F79EFBC}") = "Unity.Mathematics", "Unity.Mathematics.Player.csproj", "{C0D5C5A2-8959-135B-E17B-970AAE728D15}"
EndProject
Project("{FAE04EC0-301F-11D3-BF4B-00C04F79EFBC}") = "Unity.2D.Animation.Triangle.Runtime", "Unity.2D.Animation.Triangle.Runtime.Player.csproj", "{98AA5B1A-DC27-B65F-A12C-BC7EFB5F50A2}"
EndProject
Project("{FAE04EC0-301F-11D3-BF4B-00C04F79EFBC}") = "Unity.Timeline", "Unity.Timeline.Player.csproj", "{A76BEC23-E444-CA06-01ED-07818102BCDD}"
EndProject
Project("{FAE04EC0-301F-11D3-BF4B-00C04F79EFBC}") = "Unity.TextMeshPro", "Unity.TextMeshPro.Player.csproj", "{B1CA6801-974A-D3D8-0CC1-A23A8495A317}"
EndProject
Project("{FAE04EC0-301F-11D3-BF4B-00C04F79EFBC}") = "Unity.2D.Animation.Runtime", "Unity.2D.Animation.Runtime.Player.csproj", "{05558273-80BF-6ADE-95B1-5333005FF5B9}"
EndProject
Project("{FAE04EC0-301F-11D3-BF4B-00C04F79EFBC}") = "Assembly-CSharp", "Assembly-CSharp.Player.csproj", "{B44BA670-B519-7C56-D70F-5C73AE379959}"
EndProject
Project("{FAE04EC0-301F-11D3-BF4B-00C04F79EFBC}") = "Unity.2D.IK.Runtime", "Unity.2D.IK.Runtime.Player.csproj", "{CC34FC8F-B2FA-5A32-2B57-0AB13DADCFC1}"
EndProject
Project("{FAE04EC0-301F-11D3-BF4B-00C04F79EFBC}") = "Unity.2D.SpriteShape.Runtime", "Unity.2D.SpriteShape.Runtime.Player.csproj", "{64D97773-2656-823A-A7F0-2F6599A46D19}"
EndProject
Project("{FAE04EC0-301F-11D3-BF4B-00C04F79EFBC}") = "Unity.2D.PixelPerfect", "Unity.2D.PixelPerfect.Player.csproj", "{2B6485C6-6018-386C-BD27-4C496BABA72D}"
EndProject
Project("{FAE04EC0-301F-11D3-BF4B-00C04F79EFBC}") = "Unity.2D.Common.Runtime", "Unity.2D.Common.Runtime.Player.csproj", "{F30F82F0-438D-7A6B-25BA-CB78AE037F88}"
EndProject
Project("{FAE04EC0-301F-11D3-BF4B-00C04F79EFBC}") = "Unity.InternalAPIEngineBridge.001", "Unity.InternalAPIEngineBridge.001.Player.csproj", "{A4CC638C-ECF7-AC0D-3290-FEC5FD70FE59}"
EndProject
Global
	GlobalSection(SolutionConfigurationPlatforms) = preSolution
		Debug|Any CPU = Debug|Any CPU
		Release|Any CPU = Release|Any CPU
	EndGlobalSection
	GlobalSection(ProjectConfigurationPlatforms) = postSolution
		{48FD9C27-4C7C-4F69-5AE7-6C76ADFB036F}.Debug|Any CPU.ActiveCfg = Debug|Any CPU
		{48FD9C27-4C7C-4F69-5AE7-6C76ADFB036F}.Debug|Any CPU.Build.0 = Debug|Any CPU
		{48FD9C27-4C7C-4F69-5AE7-6C76ADFB036F}.Release|Any CPU.ActiveCfg = Release|Any CPU
		{48FD9C27-4C7C-4F69-5AE7-6C76ADFB036F}.Release|Any CPU.Build.0 = Release|Any CPU
		{3D0F2EFC-B705-9578-B088-B158B6A3F810}.Debug|Any CPU.ActiveCfg = Debug|Any CPU
		{3D0F2EFC-B705-9578-B088-B158B6A3F810}.Debug|Any CPU.Build.0 = Debug|Any CPU
		{3D0F2EFC-B705-9578-B088-B158B6A3F810}.Release|Any CPU.ActiveCfg = Release|Any CPU
		{3D0F2EFC-B705-9578-B088-B158B6A3F810}.Release|Any CPU.Build.0 = Release|Any CPU
		{49D92AA2-CE4B-6F7C-44EC-C3398F58E95C}.Debug|Any CPU.ActiveCfg = Debug|Any CPU
		{49D92AA2-CE4B-6F7C-44EC-C3398F58E95C}.Debug|Any CPU.Build.0 = Debug|Any CPU
		{49D92AA2-CE4B-6F7C-44EC-C3398F58E95C}.Release|Any CPU.ActiveCfg = Release|Any CPU
		{49D92AA2-CE4B-6F7C-44EC-C3398F58E95C}.Release|Any CPU.Build.0 = Release|Any CPU
		{D78E16C8-9571-697F-83FC-BCB21DF31411}.Debug|Any CPU.ActiveCfg = Debug|Any CPU
		{D78E16C8-9571-697F-83FC-BCB21DF31411}.Debug|Any CPU.Build.0 = Debug|Any CPU
		{D78E16C8-9571-697F-83FC-BCB21DF31411}.Release|Any CPU.ActiveCfg = Release|Any CPU
		{D78E16C8-9571-697F-83FC-BCB21DF31411}.Release|Any CPU.Build.0 = Release|Any CPU
		{118EBA90-9521-CEF9-59CC-D8BF9A0015AF}.Debug|Any CPU.ActiveCfg = Debug|Any CPU
		{118EBA90-9521-CEF9-59CC-D8BF9A0015AF}.Debug|Any CPU.Build.0 = Debug|Any CPU
		{118EBA90-9521-CEF9-59CC-D8BF9A0015AF}.Release|Any CPU.ActiveCfg = Release|Any CPU
		{118EBA90-9521-CEF9-59CC-D8BF9A0015AF}.Release|Any CPU.Build.0 = Release|Any CPU
		{8CED6089-63E3-F8AC-A06C-CA4523CECF51}.Debug|Any CPU.ActiveCfg = Debug|Any CPU
		{8CED6089-63E3-F8AC-A06C-CA4523CECF51}.Debug|Any CPU.Build.0 = Debug|Any CPU
		{8CED6089-63E3-F8AC-A06C-CA4523CECF51}.Release|Any CPU.ActiveCfg = Release|Any CPU
		{8CED6089-63E3-F8AC-A06C-CA4523CECF51}.Release|Any CPU.Build.0 = Release|Any CPU
		{284C08AD-5BE1-DA16-99D0-174CD72D5A8E}.Debug|Any CPU.ActiveCfg = Debug|Any CPU
		{284C08AD-5BE1-DA16-99D0-174CD72D5A8E}.Debug|Any CPU.Build.0 = Debug|Any CPU
		{284C08AD-5BE1-DA16-99D0-174CD72D5A8E}.Release|Any CPU.ActiveCfg = Release|Any CPU
		{284C08AD-5BE1-DA16-99D0-174CD72D5A8E}.Release|Any CPU.Build.0 = Release|Any CPU
		{0F8F22BF-4D8B-F1D6-2D69-17F70267287A}.Debug|Any CPU.ActiveCfg = Debug|Any CPU
		{0F8F22BF-4D8B-F1D6-2D69-17F70267287A}.Debug|Any CPU.Build.0 = Debug|Any CPU
		{0F8F22BF-4D8B-F1D6-2D69-17F70267287A}.Release|Any CPU.ActiveCfg = Release|Any CPU
		{0F8F22BF-4D8B-F1D6-2D69-17F70267287A}.Release|Any CPU.Build.0 = Release|Any CPU
		{5AA8E657-2AA3-1916-090F-EE4C5789F2FE}.Debug|Any CPU.ActiveCfg = Debug|Any CPU
		{5AA8E657-2AA3-1916-090F-EE4C5789F2FE}.Debug|Any CPU.Build.0 = Debug|Any CPU
		{5AA8E657-2AA3-1916-090F-EE4C5789F2FE}.Release|Any CPU.ActiveCfg = Release|Any CPU
		{5AA8E657-2AA3-1916-090F-EE4C5789F2FE}.Release|Any CPU.Build.0 = Release|Any CPU
		{C711830D-D3CD-3FB8-2012-FBAEBB5DD74E}.Debug|Any CPU.ActiveCfg = Debug|Any CPU
		{C711830D-D3CD-3FB8-2012-FBAEBB5DD74E}.Debug|Any CPU.Build.0 = Debug|Any CPU
		{C711830D-D3CD-3FB8-2012-FBAEBB5DD74E}.Release|Any CPU.ActiveCfg = Release|Any CPU
		{C711830D-D3CD-3FB8-2012-FBAEBB5DD74E}.Release|Any CPU.Build.0 = Release|Any CPU
		{F6B993E2-9C46-91B1-66D0-25879ECBD824}.Debug|Any CPU.ActiveCfg = Debug|Any CPU
		{F6B993E2-9C46-91B1-66D0-25879ECBD824}.Debug|Any CPU.Build.0 = Debug|Any CPU
		{F6B993E2-9C46-91B1-66D0-25879ECBD824}.Release|Any CPU.ActiveCfg = Release|Any CPU
		{F6B993E2-9C46-91B1-66D0-25879ECBD824}.Release|Any CPU.Build.0 = Release|Any CPU
		{B044C5B0-9002-0CE1-4749-482B766ECCC6}.Debug|Any CPU.ActiveCfg = Debug|Any CPU
		{B044C5B0-9002-0CE1-4749-482B766ECCC6}.Debug|Any CPU.Build.0 = Debug|Any CPU
		{B044C5B0-9002-0CE1-4749-482B766ECCC6}.Release|Any CPU.ActiveCfg = Release|Any CPU
		{B044C5B0-9002-0CE1-4749-482B766ECCC6}.Release|Any CPU.Build.0 = Release|Any CPU
		{D024BE8E-56C2-A1D7-F473-6B7A5E4AE770}.Debug|Any CPU.ActiveCfg = Debug|Any CPU
		{D024BE8E-56C2-A1D7-F473-6B7A5E4AE770}.Debug|Any CPU.Build.0 = Debug|Any CPU
		{D024BE8E-56C2-A1D7-F473-6B7A5E4AE770}.Release|Any CPU.ActiveCfg = Release|Any CPU
		{D024BE8E-56C2-A1D7-F473-6B7A5E4AE770}.Release|Any CPU.Build.0 = Release|Any CPU
		{5AE26F7F-4278-3FEB-692A-35DBF239E952}.Debug|Any CPU.ActiveCfg = Debug|Any CPU
		{5AE26F7F-4278-3FEB-692A-35DBF239E952}.Debug|Any CPU.Build.0 = Debug|Any CPU
		{5AE26F7F-4278-3FEB-692A-35DBF239E952}.Release|Any CPU.ActiveCfg = Release|Any CPU
		{5AE26F7F-4278-3FEB-692A-35DBF239E952}.Release|Any CPU.Build.0 = Release|Any CPU
		{8F96D1D9-3120-3A93-415A-DAE6BDBFFFD7}.Debug|Any CPU.ActiveCfg = Debug|Any CPU
		{8F96D1D9-3120-3A93-415A-DAE6BDBFFFD7}.Debug|Any CPU.Build.0 = Debug|Any CPU
		{8F96D1D9-3120-3A93-415A-DAE6BDBFFFD7}.Release|Any CPU.ActiveCfg = Release|Any CPU
		{8F96D1D9-3120-3A93-415A-DAE6BDBFFFD7}.Release|Any CPU.Build.0 = Release|Any CPU
		{20AEE606-B2C3-07EC-5821-26D3E6DDE6BE}.Debug|Any CPU.ActiveCfg = Debug|Any CPU
		{20AEE606-B2C3-07EC-5821-26D3E6DDE6BE}.Debug|Any CPU.Build.0 = Debug|Any CPU
		{20AEE606-B2C3-07EC-5821-26D3E6DDE6BE}.Release|Any CPU.ActiveCfg = Release|Any CPU
		{20AEE606-B2C3-07EC-5821-26D3E6DDE6BE}.Release|Any CPU.Build.0 = Release|Any CPU
		{0988A710-188B-EB6E-A139-BE25DCA1DFFF}.Debug|Any CPU.ActiveCfg = Debug|Any CPU
		{0988A710-188B-EB6E-A139-BE25DCA1DFFF}.Debug|Any CPU.Build.0 = Debug|Any CPU
		{0988A710-188B-EB6E-A139-BE25DCA1DFFF}.Release|Any CPU.ActiveCfg = Release|Any CPU
		{0988A710-188B-EB6E-A139-BE25DCA1DFFF}.Release|Any CPU.Build.0 = Release|Any CPU
		{E1F21999-7676-DE9F-5670-1F5886C82D4E}.Debug|Any CPU.ActiveCfg = Debug|Any CPU
		{E1F21999-7676-DE9F-5670-1F5886C82D4E}.Debug|Any CPU.Build.0 = Debug|Any CPU
		{E1F21999-7676-DE9F-5670-1F5886C82D4E}.Release|Any CPU.ActiveCfg = Release|Any CPU
		{E1F21999-7676-DE9F-5670-1F5886C82D4E}.Release|Any CPU.Build.0 = Release|Any CPU
		{8E58D7C0-3714-3388-8EC7-8E2CC69D09EB}.Debug|Any CPU.ActiveCfg = Debug|Any CPU
		{8E58D7C0-3714-3388-8EC7-8E2CC69D09EB}.Debug|Any CPU.Build.0 = Debug|Any CPU
		{8E58D7C0-3714-3388-8EC7-8E2CC69D09EB}.Release|Any CPU.ActiveCfg = Release|Any CPU
		{8E58D7C0-3714-3388-8EC7-8E2CC69D09EB}.Release|Any CPU.Build.0 = Release|Any CPU
		{19A96CFD-3ED8-6AE5-44BB-476FD1D3604A}.Debug|Any CPU.ActiveCfg = Debug|Any CPU
		{19A96CFD-3ED8-6AE5-44BB-476FD1D3604A}.Debug|Any CPU.Build.0 = Debug|Any CPU
		{19A96CFD-3ED8-6AE5-44BB-476FD1D3604A}.Release|Any CPU.ActiveCfg = Release|Any CPU
		{19A96CFD-3ED8-6AE5-44BB-476FD1D3604A}.Release|Any CPU.Build.0 = Release|Any CPU
		{380658C8-E244-4DA2-7992-753E428CAB7D}.Debug|Any CPU.ActiveCfg = Debug|Any CPU
		{380658C8-E244-4DA2-7992-753E428CAB7D}.Debug|Any CPU.Build.0 = Debug|Any CPU
		{380658C8-E244-4DA2-7992-753E428CAB7D}.Release|Any CPU.ActiveCfg = Release|Any CPU
		{380658C8-E244-4DA2-7992-753E428CAB7D}.Release|Any CPU.Build.0 = Release|Any CPU
		{E5A14E6F-986A-5B1F-83C5-3E0576183A6F}.Debug|Any CPU.ActiveCfg = Debug|Any CPU
		{E5A14E6F-986A-5B1F-83C5-3E0576183A6F}.Debug|Any CPU.Build.0 = Debug|Any CPU
		{E5A14E6F-986A-5B1F-83C5-3E0576183A6F}.Release|Any CPU.ActiveCfg = Release|Any CPU
		{E5A14E6F-986A-5B1F-83C5-3E0576183A6F}.Release|Any CPU.Build.0 = Release|Any CPU
		{D21167D1-EF85-EA11-A958-FD281247146D}.Debug|Any CPU.ActiveCfg = Debug|Any CPU
		{D21167D1-EF85-EA11-A958-FD281247146D}.Debug|Any CPU.Build.0 = Debug|Any CPU
		{D21167D1-EF85-EA11-A958-FD281247146D}.Release|Any CPU.ActiveCfg = Release|Any CPU
		{D21167D1-EF85-EA11-A958-FD281247146D}.Release|Any CPU.Build.0 = Release|Any CPU
		{11082736-C0A9-C5BF-11C7-8CE7C4F794C0}.Debug|Any CPU.ActiveCfg = Debug|Any CPU
		{11082736-C0A9-C5BF-11C7-8CE7C4F794C0}.Debug|Any CPU.Build.0 = Debug|Any CPU
		{11082736-C0A9-C5BF-11C7-8CE7C4F794C0}.Release|Any CPU.ActiveCfg = Release|Any CPU
		{11082736-C0A9-C5BF-11C7-8CE7C4F794C0}.Release|Any CPU.Build.0 = Release|Any CPU
		{83D0338C-8E0C-E4B3-F8B6-2D3A1405ABEE}.Debug|Any CPU.ActiveCfg = Debug|Any CPU
		{83D0338C-8E0C-E4B3-F8B6-2D3A1405ABEE}.Debug|Any CPU.Build.0 = Debug|Any CPU
		{83D0338C-8E0C-E4B3-F8B6-2D3A1405ABEE}.Release|Any CPU.ActiveCfg = Release|Any CPU
		{83D0338C-8E0C-E4B3-F8B6-2D3A1405ABEE}.Release|Any CPU.Build.0 = Release|Any CPU
		{AFE68252-AD92-2C14-8126-4C1EBCFC95EE}.Debug|Any CPU.ActiveCfg = Debug|Any CPU
		{AFE68252-AD92-2C14-8126-4C1EBCFC95EE}.Debug|Any CPU.Build.0 = Debug|Any CPU
		{AFE68252-AD92-2C14-8126-4C1EBCFC95EE}.Release|Any CPU.ActiveCfg = Release|Any CPU
		{AFE68252-AD92-2C14-8126-4C1EBCFC95EE}.Release|Any CPU.Build.0 = Release|Any CPU
		{B2CAEB51-69EB-AF0B-734E-5E5E452F3111}.Debug|Any CPU.ActiveCfg = Debug|Any CPU
		{B2CAEB51-69EB-AF0B-734E-5E5E452F3111}.Debug|Any CPU.Build.0 = Debug|Any CPU
		{B2CAEB51-69EB-AF0B-734E-5E5E452F3111}.Release|Any CPU.ActiveCfg = Release|Any CPU
		{B2CAEB51-69EB-AF0B-734E-5E5E452F3111}.Release|Any CPU.Build.0 = Release|Any CPU
		{346DD040-9E36-3EDE-DEDD-CCCF8E2F4CAF}.Debug|Any CPU.ActiveCfg = Debug|Any CPU
		{346DD040-9E36-3EDE-DEDD-CCCF8E2F4CAF}.Debug|Any CPU.Build.0 = Debug|Any CPU
		{346DD040-9E36-3EDE-DEDD-CCCF8E2F4CAF}.Release|Any CPU.ActiveCfg = Release|Any CPU
		{346DD040-9E36-3EDE-DEDD-CCCF8E2F4CAF}.Release|Any CPU.Build.0 = Release|Any CPU
		{7F331711-17FD-B859-ABE7-4F895A374243}.Debug|Any CPU.ActiveCfg = Debug|Any CPU
		{7F331711-17FD-B859-ABE7-4F895A374243}.Debug|Any CPU.Build.0 = Debug|Any CPU
		{7F331711-17FD-B859-ABE7-4F895A374243}.Release|Any CPU.ActiveCfg = Release|Any CPU
		{7F331711-17FD-B859-ABE7-4F895A374243}.Release|Any CPU.Build.0 = Release|Any CPU
		{0EECC738-CBD3-F6EC-67E3-8E5E5E76FD63}.Debug|Any CPU.ActiveCfg = Debug|Any CPU
		{0EECC738-CBD3-F6EC-67E3-8E5E5E76FD63}.Debug|Any CPU.Build.0 = Debug|Any CPU
		{0EECC738-CBD3-F6EC-67E3-8E5E5E76FD63}.Release|Any CPU.ActiveCfg = Release|Any CPU
		{0EECC738-CBD3-F6EC-67E3-8E5E5E76FD63}.Release|Any CPU.Build.0 = Release|Any CPU
		{BCDE2C78-8EAD-40D5-9238-467058887171}.Debug|Any CPU.ActiveCfg = Debug|Any CPU
		{BCDE2C78-8EAD-40D5-9238-467058887171}.Debug|Any CPU.Build.0 = Debug|Any CPU
		{BCDE2C78-8EAD-40D5-9238-467058887171}.Release|Any CPU.ActiveCfg = Release|Any CPU
		{BCDE2C78-8EAD-40D5-9238-467058887171}.Release|Any CPU.Build.0 = Release|Any CPU
		{385EFE43-87D0-3488-F969-11D6CB34CD61}.Debug|Any CPU.ActiveCfg = Debug|Any CPU
		{385EFE43-87D0-3488-F969-11D6CB34CD61}.Debug|Any CPU.Build.0 = Debug|Any CPU
		{385EFE43-87D0-3488-F969-11D6CB34CD61}.Release|Any CPU.ActiveCfg = Release|Any CPU
		{385EFE43-87D0-3488-F969-11D6CB34CD61}.Release|Any CPU.Build.0 = Release|Any CPU
		{621B2CA1-CFAB-5424-C548-4186793E39BC}.Debug|Any CPU.ActiveCfg = Debug|Any CPU
		{621B2CA1-CFAB-5424-C548-4186793E39BC}.Debug|Any CPU.Build.0 = Debug|Any CPU
		{621B2CA1-CFAB-5424-C548-4186793E39BC}.Release|Any CPU.ActiveCfg = Release|Any CPU
		{621B2CA1-CFAB-5424-C548-4186793E39BC}.Release|Any CPU.Build.0 = Release|Any CPU
		{1C884308-73B1-1B67-E5DC-19BC1B1FB6AB}.Debug|Any CPU.ActiveCfg = Debug|Any CPU
		{1C884308-73B1-1B67-E5DC-19BC1B1FB6AB}.Debug|Any CPU.Build.0 = Debug|Any CPU
		{1C884308-73B1-1B67-E5DC-19BC1B1FB6AB}.Release|Any CPU.ActiveCfg = Release|Any CPU
		{1C884308-73B1-1B67-E5DC-19BC1B1FB6AB}.Release|Any CPU.Build.0 = Release|Any CPU
		{F1DB1E3A-96E3-BC65-FB74-353412CA3462}.Debug|Any CPU.ActiveCfg = Debug|Any CPU
		{F1DB1E3A-96E3-BC65-FB74-353412CA3462}.Debug|Any CPU.Build.0 = Debug|Any CPU
		{F1DB1E3A-96E3-BC65-FB74-353412CA3462}.Release|Any CPU.ActiveCfg = Release|Any CPU
		{F1DB1E3A-96E3-BC65-FB74-353412CA3462}.Release|Any CPU.Build.0 = Release|Any CPU
		{0833ADE2-3B42-A84D-6335-BDB7506D4ED3}.Debug|Any CPU.ActiveCfg = Debug|Any CPU
		{0833ADE2-3B42-A84D-6335-BDB7506D4ED3}.Debug|Any CPU.Build.0 = Debug|Any CPU
		{0833ADE2-3B42-A84D-6335-BDB7506D4ED3}.Release|Any CPU.ActiveCfg = Release|Any CPU
		{0833ADE2-3B42-A84D-6335-BDB7506D4ED3}.Release|Any CPU.Build.0 = Release|Any CPU
		{C0D5C5A2-8959-135B-E17B-970AAE728D15}.Debug|Any CPU.ActiveCfg = Debug|Any CPU
		{C0D5C5A2-8959-135B-E17B-970AAE728D15}.Debug|Any CPU.Build.0 = Debug|Any CPU
		{C0D5C5A2-8959-135B-E17B-970AAE728D15}.Release|Any CPU.ActiveCfg = Release|Any CPU
		{C0D5C5A2-8959-135B-E17B-970AAE728D15}.Release|Any CPU.Build.0 = Release|Any CPU
		{98AA5B1A-DC27-B65F-A12C-BC7EFB5F50A2}.Debug|Any CPU.ActiveCfg = Debug|Any CPU
		{98AA5B1A-DC27-B65F-A12C-BC7EFB5F50A2}.Debug|Any CPU.Build.0 = Debug|Any CPU
		{98AA5B1A-DC27-B65F-A12C-BC7EFB5F50A2}.Release|Any CPU.ActiveCfg = Release|Any CPU
		{98AA5B1A-DC27-B65F-A12C-BC7EFB5F50A2}.Release|Any CPU.Build.0 = Release|Any CPU
		{A76BEC23-E444-CA06-01ED-07818102BCDD}.Debug|Any CPU.ActiveCfg = Debug|Any CPU
		{A76BEC23-E444-CA06-01ED-07818102BCDD}.Debug|Any CPU.Build.0 = Debug|Any CPU
		{A76BEC23-E444-CA06-01ED-07818102BCDD}.Release|Any CPU.ActiveCfg = Release|Any CPU
		{A76BEC23-E444-CA06-01ED-07818102BCDD}.Release|Any CPU.Build.0 = Release|Any CPU
		{B1CA6801-974A-D3D8-0CC1-A23A8495A317}.Debug|Any CPU.ActiveCfg = Debug|Any CPU
		{B1CA6801-974A-D3D8-0CC1-A23A8495A317}.Debug|Any CPU.Build.0 = Debug|Any CPU
		{B1CA6801-974A-D3D8-0CC1-A23A8495A317}.Release|Any CPU.ActiveCfg = Release|Any CPU
		{B1CA6801-974A-D3D8-0CC1-A23A8495A317}.Release|Any CPU.Build.0 = Release|Any CPU
		{05558273-80BF-6ADE-95B1-5333005FF5B9}.Debug|Any CPU.ActiveCfg = Debug|Any CPU
		{05558273-80BF-6ADE-95B1-5333005FF5B9}.Debug|Any CPU.Build.0 = Debug|Any CPU
		{05558273-80BF-6ADE-95B1-5333005FF5B9}.Release|Any CPU.ActiveCfg = Release|Any CPU
		{05558273-80BF-6ADE-95B1-5333005FF5B9}.Release|Any CPU.Build.0 = Release|Any CPU
		{B44BA670-B519-7C56-D70F-5C73AE379959}.Debug|Any CPU.ActiveCfg = Debug|Any CPU
		{B44BA670-B519-7C56-D70F-5C73AE379959}.Debug|Any CPU.Build.0 = Debug|Any CPU
		{B44BA670-B519-7C56-D70F-5C73AE379959}.Release|Any CPU.ActiveCfg = Release|Any CPU
		{B44BA670-B519-7C56-D70F-5C73AE379959}.Release|Any CPU.Build.0 = Release|Any CPU
		{CC34FC8F-B2FA-5A32-2B57-0AB13DADCFC1}.Debug|Any CPU.ActiveCfg = Debug|Any CPU
		{CC34FC8F-B2FA-5A32-2B57-0AB13DADCFC1}.Debug|Any CPU.Build.0 = Debug|Any CPU
		{CC34FC8F-B2FA-5A32-2B57-0AB13DADCFC1}.Release|Any CPU.ActiveCfg = Release|Any CPU
		{CC34FC8F-B2FA-5A32-2B57-0AB13DADCFC1}.Release|Any CPU.Build.0 = Release|Any CPU
		{64D97773-2656-823A-A7F0-2F6599A46D19}.Debug|Any CPU.ActiveCfg = Debug|Any CPU
		{64D97773-2656-823A-A7F0-2F6599A46D19}.Debug|Any CPU.Build.0 = Debug|Any CPU
		{64D97773-2656-823A-A7F0-2F6599A46D19}.Release|Any CPU.ActiveCfg = Release|Any CPU
		{64D97773-2656-823A-A7F0-2F6599A46D19}.Release|Any CPU.Build.0 = Release|Any CPU
		{2B6485C6-6018-386C-BD27-4C496BABA72D}.Debug|Any CPU.ActiveCfg = Debug|Any CPU
		{2B6485C6-6018-386C-BD27-4C496BABA72D}.Debug|Any CPU.Build.0 = Debug|Any CPU
		{2B6485C6-6018-386C-BD27-4C496BABA72D}.Release|Any CPU.ActiveCfg = Release|Any CPU
		{2B6485C6-6018-386C-BD27-4C496BABA72D}.Release|Any CPU.Build.0 = Release|Any CPU
		{F30F82F0-438D-7A6B-25BA-CB78AE037F88}.Debug|Any CPU.ActiveCfg = Debug|Any CPU
		{F30F82F0-438D-7A6B-25BA-CB78AE037F88}.Debug|Any CPU.Build.0 = Debug|Any CPU
		{F30F82F0-438D-7A6B-25BA-CB78AE037F88}.Release|Any CPU.ActiveCfg = Release|Any CPU
		{F30F82F0-438D-7A6B-25BA-CB78AE037F88}.Release|Any CPU.Build.0 = Release|Any CPU
		{A4CC638C-ECF7-AC0D-3290-FEC5FD70FE59}.Debug|Any CPU.ActiveCfg = Debug|Any CPU
		{A4CC638C-ECF7-AC0D-3290-FEC5FD70FE59}.Debug|Any CPU.Build.0 = Debug|Any CPU
		{A4CC638C-ECF7-AC0D-3290-FEC5FD70FE59}.Release|Any CPU.ActiveCfg = Release|Any CPU
		{A4CC638C-ECF7-AC0D-3290-FEC5FD70FE59}.Release|Any CPU.Build.0 = Release|Any CPU
	EndGlobalSection
	GlobalSection(SolutionProperties) = preSolution
		HideSolutionNode = FALSE
	EndGlobalSection
EndGlobal
